{
  "name": "fibonacci-example",
  "version": "1.0.0",
  "lockfileVersion": 3,
  "requires": true,
  "packages": {
    "": {
      "name": "fibonacci-example",
      "version": "1.0.0",
      "license": "MIT",
      "dependencies": {
        "fibonacci-lib": "file:../fibonacci-lib"
      }
    },
    "../fibonacci-lib": {
      "version": "1.0.0",
      "license": "MIT"
    },
    "node_modules/fibonacci-lib": {
      "resolved": "../fibonacci-lib",
      "link": true
    }
  }
}
